<?xml version="1.0" encoding="utf-8"?>
<Project ToolsVersion="4.0" xmlns="http://schemas.microsoft.com/developer/msbuild/2003">
  <ItemGroup>
    <Filter Include="shaders">
      <UniqueIdentifier>{747bde26-f82d-41a3-8121-6fbeb98e5ddf}</UniqueIdentifier>
    </Filter>
    <Filter Include="src">
      <UniqueIdentifier>{bc1bae02-6130-4b85-b06d-0a3cb5cc0848}</UniqueIdentifier>
    </Filter>
    <Filter Include="src\systems">
      <UniqueIdentifier>{a1f85dcc-dea2-403b-8859-7f1fb9f98dd1}</UniqueIdentifier>
    </Filter>
  </ItemGroup>
  <ItemGroup>
    <ClCompile Include="src\app.cpp">
      <Filter>src</Filter>
    </ClCompile>
    <ClCompile Include="src\main.cpp">
      <Filter>src</Filter>
    </ClCompile>
    <ClCompile Include="src\keyboardController.cpp">
      <Filter>src</Filter>
    </ClCompile>
    <ClCompile Include="src\mouseController.cpp">
      <Filter>src</Filter>
    </ClCompile>
    <ClCompile Include="src\wmeBuffer.cpp">
      <Filter>src</Filter>
    </ClCompile>
    <ClCompile Include="src\wmeCamera.cpp">
      <Filter>src</Filter>
    </ClCompile>
    <ClCompile Include="src\wmeDescriptors.cpp">
      <Filter>src</Filter>
    </ClCompile>
    <ClCompile Include="src\wmeGameObject.cpp">
      <Filter>src</Filter>
    </ClCompile>
    <ClCompile Include="src\wmeDevice.cpp">
      <Filter>src</Filter>
    </ClCompile>
    <ClCompile Include="src\wmeModel.cpp">
      <Filter>src</Filter>
    </ClCompile>
    <ClCompile Include="src\wmeRenderer.cpp">
      <Filter>src</Filter>
    </ClCompile>
    <ClCompile Include="src\wmePipeline.cpp">
      <Filter>src</Filter>
    </ClCompile>
    <ClCompile Include="src\wmeSwapChain.cpp">
      <Filter>src</Filter>
    </ClCompile>
    <ClCompile Include="src\wmeWindow.cpp">
      <Filter>src</Filter>
    </ClCompile>
    <ClCompile Include="src\systems\pointLightSystem.cpp">
      <Filter>src\systems</Filter>
    </ClCompile>
    <ClCompile Include="src\systems\renderSystem.cpp">
      <Filter>src\systems</Filter>
    </ClCompile>
  </ItemGroup>
  <ItemGroup>
    <ClInclude Include="src\wmeUtils.hpp">
      <Filter>src</Filter>
    </ClInclude>
    <ClInclude Include="src\wmeWindow.hpp">
      <Filter>src</Filter>
    </ClInclude>
    <ClInclude Include="src\wmeSwapChain.hpp">
      <Filter>src</Filter>
    </ClInclude>
    <ClInclude Include="src\wmeRenderer.hpp">
      <Filter>src</Filter>
    </ClInclude>
    <ClInclude Include="src\wmePipeline.hpp">
      <Filter>src</Filter>
    </ClInclude>
    <ClInclude Include="src\wmeModel.hpp">
      <Filter>src</Filter>
    </ClInclude>
    <ClInclude Include="src\wmeGameObject.hpp">
      <Filter>src</Filter>
    </ClInclude>
    <ClInclude Include="src\wmeFrameInfo.hpp">
      <Filter>src</Filter>
    </ClInclude>
    <ClInclude Include="src\wmeDevice.hpp">
      <Filter>src</Filter>
    </ClInclude>
    <ClInclude Include="src\wmeDescriptors.hpp">
      <Filter>src</Filter>
    </ClInclude>
    <ClInclude Include="src\wmeCamera.hpp">
      <Filter>src</Filter>
    </ClInclude>
    <ClInclude Include="src\wmeBuffer.hpp">
      <Filter>src</Filter>
    </ClInclude>
    <ClInclude Include="src\mouseController.hpp">
      <Filter>src</Filter>
    </ClInclude>
    <ClInclude Include="src\keyboardController.hpp">
      <Filter>src</Filter>
    </ClInclude>
    <ClInclude Include="src\app.hpp">
      <Filter>src</Filter>
    </ClInclude>
    <ClInclude Include="src\systems\pointLightSystem.hpp">
      <Filter>src\systems</Filter>
    </ClInclude>
    <ClInclude Include="src\systems\renderSystem.hpp">
      <Filter>src\systems</Filter>
    </ClInclude>
  </ItemGroup>
  <ItemGroup>
    <None Include="shaders\shader.frag">
      <Filter>shaders</Filter>
    </None>
    <None Include="shaders\shader.vert">
      <Filter>shaders</Filter>
    </None>
    <None Include="shaders\pointLight.vert">
      <Filter>shaders</Filter>
    </None>
    <None Include="shaders\pointLight.frag">
      <Filter>shaders</Filter>
    </None>
  </ItemGroup>
</Project>